
Microsoft Visual Studio Solution File, Format Version 12.00
# Visual Studio 15
VisualStudioVersion = 15.0.27004.2006
MinimumVisualStudioVersion = 10.0.40219.1
Project("{FAE04EC0-301F-11D3-BF4B-00C04F79EFBC}") = "ContosoUniversity", "ContosoUniversity\ContosoUniversity.csproj", "{408A35E2-E3C8-4B76-9DC9-5DAA48EAB6DF}"
EndProject
Global
	GlobalSection(SolutionConfigurationPlatforms) = preSolution
		Debug|Any CPU = Debug|Any CPU
		Release|Any CPU = Release|Any CPU
	EndGlobalSection
	GlobalSection(ProjectConfigurationPlatforms) = postSolution
		{408A35E2-E3C8-4B76-9DC9-5DAA48EAB6DF}.Debug|Any CPU.ActiveCfg = Debug|Any CPU
		{408A35E2-E3C8-4B76-9DC9-5DAA48EAB6DF}.Debug|Any CPU.Build.0 = Debug|Any CPU
		{408A35E2-E3C8-4B76-9DC9-5DAA48EAB6DF}.Release|Any CPU.ActiveCfg = Release|Any CPU
		{408A35E2-E3C8-4B76-9DC9-5DAA48EAB6DF}.Release|Any CPU.Build.0 = Release|Any CPU
	EndGlobalSection
	GlobalSection(SolutionProperties) = preSolution
		HideSolutionNode = FALSE
	EndGlobalSection
	GlobalSection(ExtensibilityGlobals) = postSolution
		SolutionGuid = {6CFB0DAD-315C-41E1-8FCB-38C1A92F842F}
	EndGlobalSection
EndGlobal
